
Microsoft Visual Studio Solution File, Format Version 12.00
# Visual Studio Version 17
VisualStudioVersion = 17.7.34009.444
MinimumVisualStudioVersion = 10.0.40219.1
Project("{FAE04EC0-301F-11D3-BF4B-00C04F79EFBC}") = "PoimenovaneCevi_DavidNovak", "PoimenovaneCevi_DavidNovak\PoimenovaneCevi_DavidNovak.csproj", "{1D205F50-4287-4089-A3EF-7C5581DB2233}"
EndProject
Project("{FAE04EC0-301F-11D3-BF4B-00C04F79EFBC}") = "Client", "Client\Client.csproj", "{C0B792A2-29C6-4F05-81CC-DB0756845604}"
EndProject
Global
	GlobalSection(SolutionConfigurationPlatforms) = preSolution
		Debug|Any CPU = Debug|Any CPU
		Release|Any CPU = Release|Any CPU
	EndGlobalSection
	GlobalSection(ProjectConfigurationPlatforms) = postSolution
		{1D205F50-4287-4089-A3EF-7C5581DB2233}.Debug|Any CPU.ActiveCfg = Debug|Any CPU
		{1D205F50-4287-4089-A3EF-7C5581DB2233}.Debug|Any CPU.Build.0 = Debug|Any CPU
		{1D205F50-4287-4089-A3EF-7C5581DB2233}.Release|Any CPU.ActiveCfg = Release|Any CPU
		{1D205F50-4287-4089-A3EF-7C5581DB2233}.Release|Any CPU.Build.0 = Release|Any CPU
		{C0B792A2-29C6-4F05-81CC-DB0756845604}.Debug|Any CPU.ActiveCfg = Debug|Any CPU
		{C0B792A2-29C6-4F05-81CC-DB0756845604}.Debug|Any CPU.Build.0 = Debug|Any CPU
		{C0B792A2-29C6-4F05-81CC-DB0756845604}.Release|Any CPU.ActiveCfg = Release|Any CPU
		{C0B792A2-29C6-4F05-81CC-DB0756845604}.Release|Any CPU.Build.0 = Release|Any CPU
	EndGlobalSection
	GlobalSection(SolutionProperties) = preSolution
		HideSolutionNode = FALSE
	EndGlobalSection
	GlobalSection(ExtensibilityGlobals) = postSolution
		SolutionGuid = {52CD4354-DA4F-4E49-9501-34D38DE7CC5E}
	EndGlobalSection
EndGlobal
